
Microsoft Visual Studio Solution File, Format Version 12.00
# Visual Studio Version 17
VisualStudioVersion = 17.9.34728.123
MinimumVisualStudioVersion = 10.0.40219.1
Project("{9A19103F-16F7-4668-BE54-9A1E7A4F7556}") = "Client.LightMediaTechTest", "Client.LightMediaTechTest\Client.LightMediaTechTest.csproj", "{E449ACEC-EF53-4EF1-B2B1-EB2C72E136C9}"
EndProject
Project("{9A19103F-16F7-4668-BE54-9A1E7A4F7556}") = "Server.LightMediaTechTest", "Server.LightMediaTechTest\Server.LightMediaTechTest.csproj", "{2340250B-9D25-4E08-99F7-7B09BE76D0DF}"
EndProject
Project("{9A19103F-16F7-4668-BE54-9A1E7A4F7556}") = "Presentation.LightMediaTechTest", "Presentation.LightMediaTechTest\Presentation.LightMediaTechTest.csproj", "{BA959098-E11B-456A-8AFB-B76EAA2326EE}"
EndProject
Global
	GlobalSection(SolutionConfigurationPlatforms) = preSolution
		Debug|Any CPU = Debug|Any CPU
		Release|Any CPU = Release|Any CPU
	EndGlobalSection
	GlobalSection(ProjectConfigurationPlatforms) = postSolution
		{E449ACEC-EF53-4EF1-B2B1-EB2C72E136C9}.Debug|Any CPU.ActiveCfg = Debug|Any CPU
		{E449ACEC-EF53-4EF1-B2B1-EB2C72E136C9}.Debug|Any CPU.Build.0 = Debug|Any CPU
		{E449ACEC-EF53-4EF1-B2B1-EB2C72E136C9}.Release|Any CPU.ActiveCfg = Release|Any CPU
		{E449ACEC-EF53-4EF1-B2B1-EB2C72E136C9}.Release|Any CPU.Build.0 = Release|Any CPU
		{2340250B-9D25-4E08-99F7-7B09BE76D0DF}.Debug|Any CPU.ActiveCfg = Debug|Any CPU
		{2340250B-9D25-4E08-99F7-7B09BE76D0DF}.Debug|Any CPU.Build.0 = Debug|Any CPU
		{2340250B-9D25-4E08-99F7-7B09BE76D0DF}.Release|Any CPU.ActiveCfg = Release|Any CPU
		{2340250B-9D25-4E08-99F7-7B09BE76D0DF}.Release|Any CPU.Build.0 = Release|Any CPU
		{BA959098-E11B-456A-8AFB-B76EAA2326EE}.Debug|Any CPU.ActiveCfg = Debug|Any CPU
		{BA959098-E11B-456A-8AFB-B76EAA2326EE}.Debug|Any CPU.Build.0 = Debug|Any CPU
		{BA959098-E11B-456A-8AFB-B76EAA2326EE}.Release|Any CPU.ActiveCfg = Release|Any CPU
		{BA959098-E11B-456A-8AFB-B76EAA2326EE}.Release|Any CPU.Build.0 = Release|Any CPU
	EndGlobalSection
	GlobalSection(SolutionProperties) = preSolution
		HideSolutionNode = FALSE
	EndGlobalSection
	GlobalSection(ExtensibilityGlobals) = postSolution
		SolutionGuid = {D54EA9C2-E5EA-4B30-ADAD-233C18648613}
	EndGlobalSection
EndGlobal
